{
  "name": "test",
  "version": "1.0.0",
  "lockfileVersion": 3,
  "requires": true,
  "packages": {
    "": {
      "name": "test",
      "version": "1.0.0",
      "license": "ISC",
      "dependencies": {
        "@SergeyBondar93/test-independent-npm-package": "0.4.1"
      }
    },
    "node_modules/@SergeyBondar93/test-independent-npm-package": {
      "version": "0.4.1",
      "resolved": "https://npm.pkg.github.com/download/@SergeyBondar93/test-independent-npm-package/0.4.1/68aa3cda9ce93013d9dc9c45270a93a9ac192327",
      "integrity": "sha512-kXsHLucrnrurWNcGefFhUxzvb8oBinZXZYoQ1NbO5qr/MJ1IeAy0b3DYH5jsmy12OyJSnj3TnFUogq3u0J+y5Q=="
    }
  }
}
