{
  "name": "test",
  "version": "1.0.0",
  "lockfileVersion": 3,
  "requires": true,
  "packages": {
    "": {
      "name": "test",
      "version": "1.0.0",
      "license": "ISC",
      "dependencies": {
        "@SergeyBondar93/test-independent-npm-package": "0.4.1-test-test.1"
      }
    },
    "node_modules/@SergeyBondar93/test-independent-npm-package": {
      "version": "0.4.1-test-test.1",
      "resolved": "https://npm.pkg.github.com/download/@SergeyBondar93/test-independent-npm-package/0.4.1-test-test.1/d33042348509f5cce681b58c556ef584ca3b5bdb",
      "integrity": "sha512-ZPni69ke2jludTUpvD4RwwDHFb0piN5DSwxjf38Pj9bWNm4xZRUqvvfupRCFmUMGYHkJODrywEtzEmCy/mdHtQ=="
    }
  }
}
