{
  "name": "test",
  "version": "1.0.0",
  "lockfileVersion": 3,
  "requires": true,
  "packages": {
    "": {
      "name": "test",
      "version": "1.0.0",
      "license": "ISC",
      "dependencies": {
        "@SergeyBondar93/test-independent-npm-package": "0.4.0"
      }
    },
    "node_modules/@SergeyBondar93/test-independent-npm-package": {
      "version": "0.4.0",
      "resolved": "https://npm.pkg.github.com/download/@SergeyBondar93/test-independent-npm-package/0.4.0/84f19388cd65eb08bff696a98385c38e1d8be2cd",
      "integrity": "sha512-qbowQwN7tGmHx18aQnEHITU0i6atCZeTL6b84HsXsOWaRmqj/m1p5523r5NLiwp/fbAmJbqbHV72uVjch/vhoA=="
    }
  }
}
